// !$*UTF8*$!
{
	archiveVersion = 1;
	classes = {
	};
	objectVersion = 50;
	objects = {

/* Begin PBXBuildFile section */
		DB64FFAC26A9406A00384396 /* PageViewController.swift in Sources */ = {isa = PBXBuildFile; fileRef = DB64FFAB26A9406A00384396 /* PageViewController.swift */; };
		DB64FFAE26A9416A00384396 /* FeatureCard.swift in Sources */ = {isa = PBXBuildFile; fileRef = DB64FFAD26A9416A00384396 /* FeatureCard.swift */; };
		DB64FFB026A941EC00384396 /* PageView.swift in Sources */ = {isa = PBXBuildFile; fileRef = DB64FFAF26A941EC00384396 /* PageView.swift */; };
		DB64FFB226A9534E00384396 /* PageControl.swift in Sources */ = {isa = PBXBuildFile; fileRef = DB64FFB126A9534E00384396 /* PageControl.swift */; };
		DBABBB8226A514B2005537BE /* CategoryRow.swift in Sources */ = {isa = PBXBuildFile; fileRef = DBABBB8126A514B2005537BE /* CategoryRow.swift */; };
		DBABBB8426A51589005537BE /* CategoryItem.swift in Sources */ = {isa = PBXBuildFile; fileRef = DBABBB8326A51589005537BE /* CategoryItem.swift */; };
		DBABBB8626A530E0005537BE /* Profile.swift in Sources */ = {isa = PBXBuildFile; fileRef = DBABBB8526A530E0005537BE /* Profile.swift */; };
		DBABBB8926A56FF4005537BE /* ProfileHost.swift in Sources */ = {isa = PBXBuildFile; fileRef = DBABBB8826A56FF4005537BE /* ProfileHost.swift */; };
		DBABBB8B26A571FF005537BE /* ProfileSummary.swift in Sources */ = {isa = PBXBuildFile; fileRef = DBABBB8A26A571FF005537BE /* ProfileSummary.swift */; };
		DBABBB8D26A5728A005537BE /* HikeBadge.swift in Sources */ = {isa = PBXBuildFile; fileRef = DBABBB8C26A5728A005537BE /* HikeBadge.swift */; };
		DBABBB8F26A93AFA005537BE /* ProfileEditor.swift in Sources */ = {isa = PBXBuildFile; fileRef = DBABBB8E26A93AFA005537BE /* ProfileEditor.swift */; };
		DBEC8C8426A1B98800E9D9C3 /* landmarkData.json in Resources */ = {isa = PBXBuildFile; fileRef = DBEC8C8326A1B98800E9D9C3 /* landmarkData.json */; };
		DBEC8C8626A1B9C500E9D9C3 /* Landmark.swift in Sources */ = {isa = PBXBuildFile; fileRef = DBEC8C8526A1B9C500E9D9C3 /* Landmark.swift */; };
		DBEC8C8826A1BB0000E9D9C3 /* ModelData.swift in Sources */ = {isa = PBXBuildFile; fileRef = DBEC8C8726A1BB0000E9D9C3 /* ModelData.swift */; };
		DBEC8C8E26A1BD0200E9D9C3 /* LandmarkRow.swift in Sources */ = {isa = PBXBuildFile; fileRef = DBEC8C8D26A1BD0200E9D9C3 /* LandmarkRow.swift */; };
		DBEC8C9026A1C0A800E9D9C3 /* LandmarkList.swift in Sources */ = {isa = PBXBuildFile; fileRef = DBEC8C8F26A1C0A800E9D9C3 /* LandmarkList.swift */; };
		DBEC8C9226A2667400E9D9C3 /* LandmarkDetail.swift in Sources */ = {isa = PBXBuildFile; fileRef = DBEC8C9126A2667400E9D9C3 /* LandmarkDetail.swift */; };
		DBEDAD1D26A1A3DC00B4326B /* LandmarksApp.swift in Sources */ = {isa = PBXBuildFile; fileRef = DBEDAD1C26A1A3DC00B4326B /* LandmarksApp.swift */; };
		DBEDAD1F26A1A3DC00B4326B /* ContentView.swift in Sources */ = {isa = PBXBuildFile; fileRef = DBEDAD1E26A1A3DC00B4326B /* ContentView.swift */; };
		DBEDAD2126A1A3DD00B4326B /* Assets.xcassets in Resources */ = {isa = PBXBuildFile; fileRef = DBEDAD2026A1A3DD00B4326B /* Assets.xcassets */; };
		DBEDAD2426A1A3DD00B4326B /* Preview Assets.xcassets in Resources */ = {isa = PBXBuildFile; fileRef = DBEDAD2326A1A3DD00B4326B /* Preview Assets.xcassets */; };
		DBEDAD2F26A1A3DE00B4326B /* LandmarksTests.swift in Sources */ = {isa = PBXBuildFile; fileRef = DBEDAD2E26A1A3DE00B4326B /* LandmarksTests.swift */; };
		DBEDAD3A26A1A3DE00B4326B /* LandmarksUITests.swift in Sources */ = {isa = PBXBuildFile; fileRef = DBEDAD3926A1A3DE00B4326B /* LandmarksUITests.swift */; };
		DBEDAD4826A1AFCF00B4326B /* CircleImage.swift in Sources */ = {isa = PBXBuildFile; fileRef = DBEDAD4726A1AFCF00B4326B /* CircleImage.swift */; };
		DBEDAD4A26A1B26F00B4326B /* MapView.swift in Sources */ = {isa = PBXBuildFile; fileRef = DBEDAD4926A1B26F00B4326B /* MapView.swift */; };
		DBEEADC026A2D5810022E4E6 /* FavoriteButton.swift in Sources */ = {isa = PBXBuildFile; fileRef = DBEEADBF26A2D5810022E4E6 /* FavoriteButton.swift */; };
		DBEEADC426A2DB2D0022E4E6 /* HexagonParameters.swift in Sources */ = {isa = PBXBuildFile; fileRef = DBEEADC326A2DB2D0022E4E6 /* HexagonParameters.swift */; };
		DBEEADC626A2DC430022E4E6 /* BadgeBackground.swift in Sources */ = {isa = PBXBuildFile; fileRef = DBEEADC526A2DC430022E4E6 /* BadgeBackground.swift */; };
		DBEEADC826A2DFB30022E4E6 /* BadgeSymbol.swift in Sources */ = {isa = PBXBuildFile; fileRef = DBEEADC726A2DFB30022E4E6 /* BadgeSymbol.swift */; };
		DBEEADCA26A2E0450022E4E6 /* RotatedBadgeSymbol.swift in Sources */ = {isa = PBXBuildFile; fileRef = DBEEADC926A2E0450022E4E6 /* RotatedBadgeSymbol.swift */; };
		DBEEADCC26A2E1110022E4E6 /* Badge.swift in Sources */ = {isa = PBXBuildFile; fileRef = DBEEADCB26A2E1110022E4E6 /* Badge.swift */; };
		DBEEADCF26A3FD780022E4E6 /* hikeData.json in Resources */ = {isa = PBXBuildFile; fileRef = DBEEADCE26A3FD780022E4E6 /* hikeData.json */; };
		DBEEADD126A3FDA20022E4E6 /* Hike.swift in Sources */ = {isa = PBXBuildFile; fileRef = DBEEADD026A3FDA20022E4E6 /* Hike.swift */; };
		DBEEADD726A3FE0C0022E4E6 /* GraphCapsule.swift in Sources */ = {isa = PBXBuildFile; fileRef = DBEEADD326A3FE0C0022E4E6 /* GraphCapsule.swift */; };
		DBEEADD826A3FE0C0022E4E6 /* HikeGraph.swift in Sources */ = {isa = PBXBuildFile; fileRef = DBEEADD426A3FE0C0022E4E6 /* HikeGraph.swift */; };
		DBEEADD926A3FE0C0022E4E6 /* HikeDetail.swift in Sources */ = {isa = PBXBuildFile; fileRef = DBEEADD526A3FE0C0022E4E6 /* HikeDetail.swift */; };
		DBEEADDA26A3FE0C0022E4E6 /* HikeView.swift in Sources */ = {isa = PBXBuildFile; fileRef = DBEEADD626A3FE0C0022E4E6 /* HikeView.swift */; };
		DBEEADDD26A435410022E4E6 /* CategoryHome.swift in Sources */ = {isa = PBXBuildFile; fileRef = DBEEADDC26A435410022E4E6 /* CategoryHome.swift */; };
/* End PBXBuildFile section */

/* Begin PBXContainerItemProxy section */
		DBEDAD2B26A1A3DE00B4326B /* PBXContainerItemProxy */ = {
			isa = PBXContainerItemProxy;
			containerPortal = DBEDAD1126A1A3DC00B4326B /* Project object */;
			proxyType = 1;
			remoteGlobalIDString = DBEDAD1826A1A3DC00B4326B;
			remoteInfo = Landmarks;
		};
		DBEDAD3626A1A3DE00B4326B /* PBXContainerItemProxy */ = {
			isa = PBXContainerItemProxy;
			containerPortal = DBEDAD1126A1A3DC00B4326B /* Project object */;
			proxyType = 1;
			remoteGlobalIDString = DBEDAD1826A1A3DC00B4326B;
			remoteInfo = Landmarks;
		};
/* End PBXContainerItemProxy section */

/* Begin PBXFileReference section */
		DB64FFAB26A9406A00384396 /* PageViewController.swift */ = {isa = PBXFileReference; lastKnownFileType = sourcecode.swift; path = PageViewController.swift; sourceTree = "<group>"; };
		DB64FFAD26A9416A00384396 /* FeatureCard.swift */ = {isa = PBXFileReference; lastKnownFileType = sourcecode.swift; path = FeatureCard.swift; sourceTree = "<group>"; };
		DB64FFAF26A941EC00384396 /* PageView.swift */ = {isa = PBXFileReference; lastKnownFileType = sourcecode.swift; path = PageView.swift; sourceTree = "<group>"; };
		DB64FFB126A9534E00384396 /* PageControl.swift */ = {isa = PBXFileReference; lastKnownFileType = sourcecode.swift; path = PageControl.swift; sourceTree = "<group>"; };
		DBABBB8126A514B2005537BE /* CategoryRow.swift */ = {isa = PBXFileReference; lastKnownFileType = sourcecode.swift; path = CategoryRow.swift; sourceTree = "<group>"; };
		DBABBB8326A51589005537BE /* CategoryItem.swift */ = {isa = PBXFileReference; lastKnownFileType = sourcecode.swift; path = CategoryItem.swift; sourceTree = "<group>"; };
		DBABBB8526A530E0005537BE /* Profile.swift */ = {isa = PBXFileReference; lastKnownFileType = sourcecode.swift; path = Profile.swift; sourceTree = "<group>"; };
		DBABBB8826A56FF4005537BE /* ProfileHost.swift */ = {isa = PBXFileReference; lastKnownFileType = sourcecode.swift; path = ProfileHost.swift; sourceTree = "<group>"; };
		DBABBB8A26A571FF005537BE /* ProfileSummary.swift */ = {isa = PBXFileReference; lastKnownFileType = sourcecode.swift; path = ProfileSummary.swift; sourceTree = "<group>"; };
		DBABBB8C26A5728A005537BE /* HikeBadge.swift */ = {isa = PBXFileReference; lastKnownFileType = sourcecode.swift; path = HikeBadge.swift; sourceTree = "<group>"; };
		DBABBB8E26A93AFA005537BE /* ProfileEditor.swift */ = {isa = PBXFileReference; lastKnownFileType = sourcecode.swift; path = ProfileEditor.swift; sourceTree = "<group>"; };
		DBEC8C8326A1B98800E9D9C3 /* landmarkData.json */ = {isa = PBXFileReference; fileEncoding = 4; lastKnownFileType = text.json; path = landmarkData.json; sourceTree = "<group>"; };
		DBEC8C8526A1B9C500E9D9C3 /* Landmark.swift */ = {isa = PBXFileReference; lastKnownFileType = sourcecode.swift; path = Landmark.swift; sourceTree = "<group>"; };
		DBEC8C8726A1BB0000E9D9C3 /* ModelData.swift */ = {isa = PBXFileReference; lastKnownFileType = sourcecode.swift; path = ModelData.swift; sourceTree = "<group>"; };
		DBEC8C8D26A1BD0200E9D9C3 /* LandmarkRow.swift */ = {isa = PBXFileReference; lastKnownFileType = sourcecode.swift; path = LandmarkRow.swift; sourceTree = "<group>"; };
		DBEC8C8F26A1C0A800E9D9C3 /* LandmarkList.swift */ = {isa = PBXFileReference; lastKnownFileType = sourcecode.swift; path = LandmarkList.swift; sourceTree = "<group>"; };
		DBEC8C9126A2667400E9D9C3 /* LandmarkDetail.swift */ = {isa = PBXFileReference; lastKnownFileType = sourcecode.swift; path = LandmarkDetail.swift; sourceTree = "<group>"; };
		DBEDAD1926A1A3DC00B4326B /* Landmarks.app */ = {isa = PBXFileReference; explicitFileType = wrapper.application; includeInIndex = 0; path = Landmarks.app; sourceTree = BUILT_PRODUCTS_DIR; };
		DBEDAD1C26A1A3DC00B4326B /* LandmarksApp.swift */ = {isa = PBXFileReference; lastKnownFileType = sourcecode.swift; path = LandmarksApp.swift; sourceTree = "<group>"; };
		DBEDAD1E26A1A3DC00B4326B /* ContentView.swift */ = {isa = PBXFileReference; lastKnownFileType = sourcecode.swift; path = ContentView.swift; sourceTree = "<group>"; };
		DBEDAD2026A1A3DD00B4326B /* Assets.xcassets */ = {isa = PBXFileReference; lastKnownFileType = folder.assetcatalog; path = Assets.xcassets; sourceTree = "<group>"; };
		DBEDAD2326A1A3DD00B4326B /* Preview Assets.xcassets */ = {isa = PBXFileReference; lastKnownFileType = folder.assetcatalog; path = "Preview Assets.xcassets"; sourceTree = "<group>"; };
		DBEDAD2526A1A3DD00B4326B /* Info.plist */ = {isa = PBXFileReference; lastKnownFileType = text.plist.xml; path = Info.plist; sourceTree = "<group>"; };
		DBEDAD2A26A1A3DE00B4326B /* LandmarksTests.xctest */ = {isa = PBXFileReference; explicitFileType = wrapper.cfbundle; includeInIndex = 0; path = LandmarksTests.xctest; sourceTree = BUILT_PRODUCTS_DIR; };
		DBEDAD2E26A1A3DE00B4326B /* LandmarksTests.swift */ = {isa = PBXFileReference; lastKnownFileType = sourcecode.swift; path = LandmarksTests.swift; sourceTree = "<group>"; };
		DBEDAD3026A1A3DE00B4326B /* Info.plist */ = {isa = PBXFileReference; lastKnownFileType = text.plist.xml; path = Info.plist; sourceTree = "<group>"; };
		DBEDAD3526A1A3DE00B4326B /* LandmarksUITests.xctest */ = {isa = PBXFileReference; explicitFileType = wrapper.cfbundle; includeInIndex = 0; path = LandmarksUITests.xctest; sourceTree = BUILT_PRODUCTS_DIR; };
		DBEDAD3926A1A3DE00B4326B /* LandmarksUITests.swift */ = {isa = PBXFileReference; lastKnownFileType = sourcecode.swift; path = LandmarksUITests.swift; sourceTree = "<group>"; };
		DBEDAD3B26A1A3DE00B4326B /* Info.plist */ = {isa = PBXFileReference; lastKnownFileType = text.plist.xml; path = Info.plist; sourceTree = "<group>"; };
		DBEDAD4726A1AFCF00B4326B /* CircleImage.swift */ = {isa = PBXFileReference; lastKnownFileType = sourcecode.swift; path = CircleImage.swift; sourceTree = "<group>"; };
		DBEDAD4926A1B26F00B4326B /* MapView.swift */ = {isa = PBXFileReference; lastKnownFileType = sourcecode.swift; path = MapView.swift; sourceTree = "<group>"; };
		DBEEADBF26A2D5810022E4E6 /* FavoriteButton.swift */ = {isa = PBXFileReference; lastKnownFileType = sourcecode.swift; path = FavoriteButton.swift; sourceTree = "<group>"; };
		DBEEADC326A2DB2D0022E4E6 /* HexagonParameters.swift */ = {isa = PBXFileReference; lastKnownFileType = sourcecode.swift; path = HexagonParameters.swift; sourceTree = "<group>"; };
		DBEEADC526A2DC430022E4E6 /* BadgeBackground.swift */ = {isa = PBXFileReference; lastKnownFileType = sourcecode.swift; path = BadgeBackground.swift; sourceTree = "<group>"; };
		DBEEADC726A2DFB30022E4E6 /* BadgeSymbol.swift */ = {isa = PBXFileReference; lastKnownFileType = sourcecode.swift; path = BadgeSymbol.swift; sourceTree = "<group>"; };
		DBEEADC926A2E0450022E4E6 /* RotatedBadgeSymbol.swift */ = {isa = PBXFileReference; lastKnownFileType = sourcecode.swift; path = RotatedBadgeSymbol.swift; sourceTree = "<group>"; };
		DBEEADCB26A2E1110022E4E6 /* Badge.swift */ = {isa = PBXFileReference; lastKnownFileType = sourcecode.swift; path = Badge.swift; sourceTree = "<group>"; };
		DBEEADCE26A3FD780022E4E6 /* hikeData.json */ = {isa = PBXFileReference; fileEncoding = 4; lastKnownFileType = text.json; path = hikeData.json; sourceTree = "<group>"; };
		DBEEADD026A3FDA20022E4E6 /* Hike.swift */ = {isa = PBXFileReference; lastKnownFileType = sourcecode.swift; path = Hike.swift; sourceTree = "<group>"; };
		DBEEADD326A3FE0C0022E4E6 /* GraphCapsule.swift */ = {isa = PBXFileReference; fileEncoding = 4; lastKnownFileType = sourcecode.swift; path = GraphCapsule.swift; sourceTree = "<group>"; };
		DBEEADD426A3FE0C0022E4E6 /* HikeGraph.swift */ = {isa = PBXFileReference; fileEncoding = 4; lastKnownFileType = sourcecode.swift; path = HikeGraph.swift; sourceTree = "<group>"; };
		DBEEADD526A3FE0C0022E4E6 /* HikeDetail.swift */ = {isa = PBXFileReference; fileEncoding = 4; lastKnownFileType = sourcecode.swift; path = HikeDetail.swift; sourceTree = "<group>"; };
		DBEEADD626A3FE0C0022E4E6 /* HikeView.swift */ = {isa = PBXFileReference; fileEncoding = 4; lastKnownFileType = sourcecode.swift; path = HikeView.swift; sourceTree = "<group>"; };
		DBEEADDC26A435410022E4E6 /* CategoryHome.swift */ = {isa = PBXFileReference; lastKnownFileType = sourcecode.swift; path = CategoryHome.swift; sourceTree = "<group>"; };
/* End PBXFileReference section */

/* Begin PBXFrameworksBuildPhase section */
		DBEDAD1626A1A3DC00B4326B /* Frameworks */ = {
			isa = PBXFrameworksBuildPhase;
			buildActionMask = 2147483647;
			files = (
			);
			runOnlyForDeploymentPostprocessing = 0;
		};
		DBEDAD2726A1A3DE00B4326B /* Frameworks */ = {
			isa = PBXFrameworksBuildPhase;
			buildActionMask = 2147483647;
			files = (
			);
			runOnlyForDeploymentPostprocessing = 0;
		};
		DBEDAD3226A1A3DE00B4326B /* Frameworks */ = {
			isa = PBXFrameworksBuildPhase;
			buildActionMask = 2147483647;
			files = (
			);
			runOnlyForDeploymentPostprocessing = 0;
		};
/* End PBXFrameworksBuildPhase section */

/* Begin PBXGroup section */
		DBABBB8726A56FDB005537BE /* Profiles */ = {
			isa = PBXGroup;
			children = (
				DBABBB8826A56FF4005537BE /* ProfileHost.swift */,
				DBABBB8E26A93AFA005537BE /* ProfileEditor.swift */,
				DBABBB8A26A571FF005537BE /* ProfileSummary.swift */,
			);
			path = Profiles;
			sourceTree = "<group>";
		};
		DBEC8C8A26A1BC0400E9D9C3 /* Views */ = {
			isa = PBXGroup;
			children = (
				DBABBB8726A56FDB005537BE /* Profiles */,
				DBEEADDB26A435300022E4E6 /* Categories */,
				DBEEADD226A3FE0C0022E4E6 /* Hikes */,
				DBEEADCD26A3E0E20022E4E6 /* Badges */,
				DBEEADC226A2D6AF0022E4E6 /* Landmarks */,
				DBEEADC126A2D6A40022E4E6 /* Helpers */,
				DBEDAD1E26A1A3DC00B4326B /* ContentView.swift */,
				DB64FFAB26A9406A00384396 /* PageViewController.swift */,
				DB64FFAD26A9416A00384396 /* FeatureCard.swift */,
				DB64FFAF26A941EC00384396 /* PageView.swift */,
				DB64FFB126A9534E00384396 /* PageControl.swift */,
			);
			path = Views;
			sourceTree = "<group>";
		};
		DBEC8C8B26A1BC2500E9D9C3 /* Model */ = {
			isa = PBXGroup;
			children = (
				DBEC8C8526A1B9C500E9D9C3 /* Landmark.swift */,
				DBEC8C8726A1BB0000E9D9C3 /* ModelData.swift */,
				DBEEADD026A3FDA20022E4E6 /* Hike.swift */,
				DBABBB8526A530E0005537BE /* Profile.swift */,
			);
			path = Model;
			sourceTree = "<group>";
		};
		DBEC8C8C26A1BC4700E9D9C3 /* Resources */ = {
			isa = PBXGroup;
			children = (
				DBEEADCE26A3FD780022E4E6 /* hikeData.json */,
				DBEC8C8326A1B98800E9D9C3 /* landmarkData.json */,
			);
			path = Resources;
			sourceTree = "<group>";
		};
		DBEDAD1026A1A3DC00B4326B = {
			isa = PBXGroup;
			children = (
				DBEDAD1B26A1A3DC00B4326B /* Landmarks */,
				DBEDAD2D26A1A3DE00B4326B /* LandmarksTests */,
				DBEDAD3826A1A3DE00B4326B /* LandmarksUITests */,
				DBEDAD1A26A1A3DC00B4326B /* Products */,
			);
			sourceTree = "<group>";
		};
		DBEDAD1A26A1A3DC00B4326B /* Products */ = {
			isa = PBXGroup;
			children = (
				DBEDAD1926A1A3DC00B4326B /* Landmarks.app */,
				DBEDAD2A26A1A3DE00B4326B /* LandmarksTests.xctest */,
				DBEDAD3526A1A3DE00B4326B /* LandmarksUITests.xctest */,
			);
			name = Products;
			sourceTree = "<group>";
		};
		DBEDAD1B26A1A3DC00B4326B /* Landmarks */ = {
			isa = PBXGroup;
			children = (
				DBEDAD1C26A1A3DC00B4326B /* LandmarksApp.swift */,
				DBEC8C8A26A1BC0400E9D9C3 /* Views */,
				DBEDAD2026A1A3DD00B4326B /* Assets.xcassets */,
				DBEC8C8C26A1BC4700E9D9C3 /* Resources */,
				DBEC8C8B26A1BC2500E9D9C3 /* Model */,
				DBEDAD2526A1A3DD00B4326B /* Info.plist */,
				DBEDAD2226A1A3DD00B4326B /* Preview Content */,
			);
			path = Landmarks;
			sourceTree = "<group>";
		};
		DBEDAD2226A1A3DD00B4326B /* Preview Content */ = {
			isa = PBXGroup;
			children = (
				DBEDAD2326A1A3DD00B4326B /* Preview Assets.xcassets */,
			);
			path = "Preview Content";
			sourceTree = "<group>";
		};
		DBEDAD2D26A1A3DE00B4326B /* LandmarksTests */ = {
			isa = PBXGroup;
			children = (
				DBEDAD2E26A1A3DE00B4326B /* LandmarksTests.swift */,
				DBEDAD3026A1A3DE00B4326B /* Info.plist */,
			);
			path = LandmarksTests;
			sourceTree = "<group>";
		};
		DBEDAD3826A1A3DE00B4326B /* LandmarksUITests */ = {
			isa = PBXGroup;
			children = (
				DBEDAD3926A1A3DE00B4326B /* LandmarksUITests.swift */,
				DBEDAD3B26A1A3DE00B4326B /* Info.plist */,
			);
			path = LandmarksUITests;
			sourceTree = "<group>";
		};
		DBEEADC126A2D6A40022E4E6 /* Helpers */ = {
			isa = PBXGroup;
			children = (
				DBEDAD4726A1AFCF00B4326B /* CircleImage.swift */,
				DBEDAD4926A1B26F00B4326B /* MapView.swift */,
				DBEEADBF26A2D5810022E4E6 /* FavoriteButton.swift */,
			);
			path = Helpers;
			sourceTree = "<group>";
		};
		DBEEADC226A2D6AF0022E4E6 /* Landmarks */ = {
			isa = PBXGroup;
			children = (
				DBEC8C8F26A1C0A800E9D9C3 /* LandmarkList.swift */,
				DBEC8C9126A2667400E9D9C3 /* LandmarkDetail.swift */,
				DBEC8C8D26A1BD0200E9D9C3 /* LandmarkRow.swift */,
			);
			path = Landmarks;
			sourceTree = "<group>";
		};
		DBEEADCD26A3E0E20022E4E6 /* Badges */ = {
			isa = PBXGroup;
			children = (
				DBEEADC726A2DFB30022E4E6 /* BadgeSymbol.swift */,
				DBEEADC926A2E0450022E4E6 /* RotatedBadgeSymbol.swift */,
				DBEEADCB26A2E1110022E4E6 /* Badge.swift */,
				DBEEADC326A2DB2D0022E4E6 /* HexagonParameters.swift */,
				DBEEADC526A2DC430022E4E6 /* BadgeBackground.swift */,
			);
			path = Badges;
			sourceTree = "<group>";
		};
		DBEEADD226A3FE0C0022E4E6 /* Hikes */ = {
			isa = PBXGroup;
			children = (
				DBEEADD326A3FE0C0022E4E6 /* GraphCapsule.swift */,
				DBEEADD426A3FE0C0022E4E6 /* HikeGraph.swift */,
				DBEEADD526A3FE0C0022E4E6 /* HikeDetail.swift */,
				DBEEADD626A3FE0C0022E4E6 /* HikeView.swift */,
				DBABBB8C26A5728A005537BE /* HikeBadge.swift */,
			);
			path = Hikes;
			sourceTree = "<group>";
		};
		DBEEADDB26A435300022E4E6 /* Categories */ = {
			isa = PBXGroup;
			children = (
				DBEEADDC26A435410022E4E6 /* CategoryHome.swift */,
				DBABBB8126A514B2005537BE /* CategoryRow.swift */,
				DBABBB8326A51589005537BE /* CategoryItem.swift */,
			);
			path = Categories;
			sourceTree = "<group>";
		};
/* End PBXGroup section */

/* Begin PBXNativeTarget section */
		DBEDAD1826A1A3DC00B4326B /* Landmarks */ = {
			isa = PBXNativeTarget;
			buildConfigurationList = DBEDAD3E26A1A3DE00B4326B /* Build configuration list for PBXNativeTarget "Landmarks" */;
			buildPhases = (
				DBEDAD1526A1A3DC00B4326B /* Sources */,
				DBEDAD1626A1A3DC00B4326B /* Frameworks */,
				DBEDAD1726A1A3DC00B4326B /* Resources */,
			);
			buildRules = (
			);
			dependencies = (
			);
			name = Landmarks;
			productName = Landmarks;
			productReference = DBEDAD1926A1A3DC00B4326B /* Landmarks.app */;
			productType = "com.apple.product-type.application";
		};
		DBEDAD2926A1A3DE00B4326B /* LandmarksTests */ = {
			isa = PBXNativeTarget;
			buildConfigurationList = DBEDAD4126A1A3DE00B4326B /* Build configuration list for PBXNativeTarget "LandmarksTests" */;
			buildPhases = (
				DBEDAD2626A1A3DE00B4326B /* Sources */,
				DBEDAD2726A1A3DE00B4326B /* Frameworks */,
				DBEDAD2826A1A3DE00B4326B /* Resources */,
			);
			buildRules = (
			);
			dependencies = (
				DBEDAD2C26A1A3DE00B4326B /* PBXTargetDependency */,
			);
			name = LandmarksTests;
			productName = LandmarksTests;
			productReference = DBEDAD2A26A1A3DE00B4326B /* LandmarksTests.xctest */;
			productType = "com.apple.product-type.bundle.unit-test";
		};
		DBEDAD3426A1A3DE00B4326B /* LandmarksUITests */ = {
			isa = PBXNativeTarget;
			buildConfigurationList = DBEDAD4426A1A3DE00B4326B /* Build configuration list for PBXNativeTarget "LandmarksUITests" */;
			buildPhases = (
				DBEDAD3126A1A3DE00B4326B /* Sources */,
				DBEDAD3226A1A3DE00B4326B /* Frameworks */,
				DBEDAD3326A1A3DE00B4326B /* Resources */,
			);
			buildRules = (
			);
			dependencies = (
				DBEDAD3726A1A3DE00B4326B /* PBXTargetDependency */,
			);
			name = LandmarksUITests;
			productName = LandmarksUITests;
			productReference = DBEDAD3526A1A3DE00B4326B /* LandmarksUITests.xctest */;
			productType = "com.apple.product-type.bundle.ui-testing";
		};
/* End PBXNativeTarget section */

/* Begin PBXProject section */
		DBEDAD1126A1A3DC00B4326B /* Project object */ = {
			isa = PBXProject;
			attributes = {
				LastSwiftUpdateCheck = 1250;
				LastUpgradeCheck = 1250;
				TargetAttributes = {
					DBEDAD1826A1A3DC00B4326B = {
						CreatedOnToolsVersion = 12.5.1;
					};
					DBEDAD2926A1A3DE00B4326B = {
						CreatedOnToolsVersion = 12.5.1;
						TestTargetID = DBEDAD1826A1A3DC00B4326B;
					};
					DBEDAD3426A1A3DE00B4326B = {
						CreatedOnToolsVersion = 12.5.1;
						TestTargetID = DBEDAD1826A1A3DC00B4326B;
					};
				};
			};
			buildConfigurationList = DBEDAD1426A1A3DC00B4326B /* Build configuration list for PBXProject "Landmarks" */;
			compatibilityVersion = "Xcode 9.3";
			developmentRegion = en;
			hasScannedForEncodings = 0;
			knownRegions = (
				en,
				Base,
			);
			mainGroup = DBEDAD1026A1A3DC00B4326B;
			productRefGroup = DBEDAD1A26A1A3DC00B4326B /* Products */;
			projectDirPath = "";
			projectRoot = "";
			targets = (
				DBEDAD1826A1A3DC00B4326B /* Landmarks */,
				DBEDAD2926A1A3DE00B4326B /* LandmarksTests */,
				DBEDAD3426A1A3DE00B4326B /* LandmarksUITests */,
			);
		};
/* End PBXProject section */

/* Begin PBXResourcesBuildPhase section */
		DBEDAD1726A1A3DC00B4326B /* Resources */ = {
			isa = PBXResourcesBuildPhase;
			buildActionMask = 2147483647;
			files = (
				DBEEADCF26A3FD780022E4E6 /* hikeData.json in Resources */,
				DBEDAD2426A1A3DD00B4326B /* Preview Assets.xcassets in Resources */,
				DBEDAD2126A1A3DD00B4326B /* Assets.xcassets in Resources */,
				DBEC8C8426A1B98800E9D9C3 /* landmarkData.json in Resources */,
			);
			runOnlyForDeploymentPostprocessing = 0;
		};
		DBEDAD2826A1A3DE00B4326B /* Resources */ = {
			isa = PBXResourcesBuildPhase;
			buildActionMask = 2147483647;
			files = (
			);
			runOnlyForDeploymentPostprocessing = 0;
		};
		DBEDAD3326A1A3DE00B4326B /* Resources */ = {
			isa = PBXResourcesBuildPhase;
			buildActionMask = 2147483647;
			files = (
			);
			runOnlyForDeploymentPostprocessing = 0;
		};
/* End PBXResourcesBuildPhase section */

/* Begin PBXSourcesBuildPhase section */
		DBEDAD1526A1A3DC00B4326B /* Sources */ = {
			isa = PBXSourcesBuildPhase;
			buildActionMask = 2147483647;
			files = (
				DBABBB8226A514B2005537BE /* CategoryRow.swift in Sources */,
				DBABBB8626A530E0005537BE /* Profile.swift in Sources */,
				DBEDAD1F26A1A3DC00B4326B /* ContentView.swift in Sources */,
				DBEEADDD26A435410022E4E6 /* CategoryHome.swift in Sources */,
				DB64FFAE26A9416A00384396 /* FeatureCard.swift in Sources */,
				DBEEADD826A3FE0C0022E4E6 /* HikeGraph.swift in Sources */,
				DBEEADCC26A2E1110022E4E6 /* Badge.swift in Sources */,
				DBEDAD4A26A1B26F00B4326B /* MapView.swift in Sources */,
				DBEEADD726A3FE0C0022E4E6 /* GraphCapsule.swift in Sources */,
				DBEDAD1D26A1A3DC00B4326B /* LandmarksApp.swift in Sources */,
				DB64FFB226A9534E00384396 /* PageControl.swift in Sources */,
				DBEEADC026A2D5810022E4E6 /* FavoriteButton.swift in Sources */,
				DBABBB8426A51589005537BE /* CategoryItem.swift in Sources */,
				DBEEADD926A3FE0C0022E4E6 /* HikeDetail.swift in Sources */,
				DBABBB8B26A571FF005537BE /* ProfileSummary.swift in Sources */,
				DBEEADC426A2DB2D0022E4E6 /* HexagonParameters.swift in Sources */,
				DBABBB8926A56FF4005537BE /* ProfileHost.swift in Sources */,
				DBEEADD126A3FDA20022E4E6 /* Hike.swift in Sources */,
				DBEEADCA26A2E0450022E4E6 /* RotatedBadgeSymbol.swift in Sources */,
				DB64FFB026A941EC00384396 /* PageView.swift in Sources */,
				DBEEADC826A2DFB30022E4E6 /* BadgeSymbol.swift in Sources */,
				DBABBB8F26A93AFA005537BE /* ProfileEditor.swift in Sources */,
				DBEC8C9026A1C0A800E9D9C3 /* LandmarkList.swift in Sources */,
				DBEEADDA26A3FE0C0022E4E6 /* HikeView.swift in Sources */,
				DBEC8C9226A2667400E9D9C3 /* LandmarkDetail.swift in Sources */,
				DB64FFAC26A9406A00384396 /* PageViewController.swift in Sources */,
				DBEEADC626A2DC430022E4E6 /* BadgeBackground.swift in Sources */,
				DBABBB8D26A5728A005537BE /* HikeBadge.swift in Sources */,
				DBEDAD4826A1AFCF00B4326B /* CircleImage.swift in Sources */,
				DBEC8C8626A1B9C500E9D9C3 /* Landmark.swift in Sources */,
				DBEC8C8E26A1BD0200E9D9C3 /* LandmarkRow.swift in Sources */,
				DBEC8C8826A1BB0000E9D9C3 /* ModelData.swift in Sources */,
			);
			runOnlyForDeploymentPostprocessing = 0;
		};
		DBEDAD2626A1A3DE00B4326B /* Sources */ = {
			isa = PBXSourcesBuildPhase;
			buildActionMask = 2147483647;
			files = (
				DBEDAD2F26A1A3DE00B4326B /* LandmarksTests.swift in Sources */,
			);
			runOnlyForDeploymentPostprocessing = 0;
		};
		DBEDAD3126A1A3DE00B4326B /* Sources */ = {
			isa = PBXSourcesBuildPhase;
			buildActionMask = 2147483647;
			files = (
				DBEDAD3A26A1A3DE00B4326B /* LandmarksUITests.swift in Sources */,
			);
			runOnlyForDeploymentPostprocessing = 0;
		};
/* End PBXSourcesBuildPhase section */

/* Begin PBXTargetDependency section */
		DBEDAD2C26A1A3DE00B4326B /* PBXTargetDependency */ = {
			isa = PBXTargetDependency;
			target = DBEDAD1826A1A3DC00B4326B /* Landmarks */;
			targetProxy = DBEDAD2B26A1A3DE00B4326B /* PBXContainerItemProxy */;
		};
		DBEDAD3726A1A3DE00B4326B /* PBXTargetDependency */ = {
			isa = PBXTargetDependency;
			target = DBEDAD1826A1A3DC00B4326B /* Landmarks */;
			targetProxy = DBEDAD3626A1A3DE00B4326B /* PBXContainerItemProxy */;
		};
/* End PBXTargetDependency section */

/* Begin XCBuildConfiguration section */
		DBEDAD3C26A1A3DE00B4326B /* Debug */ = {
			isa = XCBuildConfiguration;
			buildSettings = {
				ALWAYS_SEARCH_USER_PATHS = NO;
				CLANG_ANALYZER_NONNULL = YES;
				CLANG_ANALYZER_NUMBER_OBJECT_CONVERSION = YES_AGGRESSIVE;
				CLANG_CXX_LANGUAGE_STANDARD = "gnu++14";
				CLANG_CXX_LIBRARY = "libc++";
				CLANG_ENABLE_MODULES = YES;
				CLANG_ENABLE_OBJC_ARC = YES;
				CLANG_ENABLE_OBJC_WEAK = YES;
				CLANG_WARN_BLOCK_CAPTURE_AUTORELEASING = YES;
				CLANG_WARN_BOOL_CONVERSION = YES;
				CLANG_WARN_COMMA = YES;
				CLANG_WARN_CONSTANT_CONVERSION = YES;
				CLANG_WARN_DEPRECATED_OBJC_IMPLEMENTATIONS = YES;
				CLANG_WARN_DIRECT_OBJC_ISA_USAGE = YES_ERROR;
				CLANG_WARN_DOCUMENTATION_COMMENTS = YES;
				CLANG_WARN_EMPTY_BODY = YES;
				CLANG_WARN_ENUM_CONVERSION = YES;
				CLANG_WARN_INFINITE_RECURSION = YES;
				CLANG_WARN_INT_CONVERSION = YES;
				CLANG_WARN_NON_LITERAL_NULL_CONVERSION = YES;
				CLANG_WARN_OBJC_IMPLICIT_RETAIN_SELF = YES;
				CLANG_WARN_OBJC_LITERAL_CONVERSION = YES;
				CLANG_WARN_OBJC_ROOT_CLASS = YES_ERROR;
				CLANG_WARN_QUOTED_INCLUDE_IN_FRAMEWORK_HEADER = YES;
				CLANG_WARN_RANGE_LOOP_ANALYSIS = YES;
				CLANG_WARN_STRICT_PROTOTYPES = YES;
				CLANG_WARN_SUSPICIOUS_MOVE = YES;
				CLANG_WARN_UNGUARDED_AVAILABILITY = YES_AGGRESSIVE;
				CLANG_WARN_UNREACHABLE_CODE = YES;
				CLANG_WARN__DUPLICATE_METHOD_MATCH = YES;
				COPY_PHASE_STRIP = NO;
				DEBUG_INFORMATION_FORMAT = dwarf;
				ENABLE_STRICT_OBJC_MSGSEND = YES;
				ENABLE_TESTABILITY = YES;
				GCC_C_LANGUAGE_STANDARD = gnu11;
				GCC_DYNAMIC_NO_PIC = NO;
				GCC_NO_COMMON_BLOCKS = YES;
				GCC_OPTIMIZATION_LEVEL = 0;
				GCC_PREPROCESSOR_DEFINITIONS = (
					"DEBUG=1",
					"$(inherited)",
				);
				GCC_WARN_64_TO_32_BIT_CONVERSION = YES;
				GCC_WARN_ABOUT_RETURN_TYPE = YES_ERROR;
				GCC_WARN_UNDECLARED_SELECTOR = YES;
				GCC_WARN_UNINITIALIZED_AUTOS = YES_AGGRESSIVE;
				GCC_WARN_UNUSED_FUNCTION = YES;
				GCC_WARN_UNUSED_VARIABLE = YES;
				IPHONEOS_DEPLOYMENT_TARGET = 14.5;
				MTL_ENABLE_DEBUG_INFO = INCLUDE_SOURCE;
				MTL_FAST_MATH = YES;
				ONLY_ACTIVE_ARCH = YES;
				SDKROOT = iphoneos;
				SWIFT_ACTIVE_COMPILATION_CONDITIONS = DEBUG;
				SWIFT_OPTIMIZATION_LEVEL = "-Onone";
			};
			name = Debug;
		};
		DBEDAD3D26A1A3DE00B4326B /* Release */ = {
			isa = XCBuildConfiguration;
			buildSettings = {
				ALWAYS_SEARCH_USER_PATHS = NO;
				CLANG_ANALYZER_NONNULL = YES;
				CLANG_ANALYZER_NUMBER_OBJECT_CONVERSION = YES_AGGRESSIVE;
				CLANG_CXX_LANGUAGE_STANDARD = "gnu++14";
				CLANG_CXX_LIBRARY = "libc++";
				CLANG_ENABLE_MODULES = YES;
				CLANG_ENABLE_OBJC_ARC = YES;
				CLANG_ENABLE_OBJC_WEAK = YES;
				CLANG_WARN_BLOCK_CAPTURE_AUTORELEASING = YES;
				CLANG_WARN_BOOL_CONVERSION = YES;
				CLANG_WARN_COMMA = YES;
				CLANG_WARN_CONSTANT_CONVERSION = YES;
				CLANG_WARN_DEPRECATED_OBJC_IMPLEMENTATIONS = YES;
				CLANG_WARN_DIRECT_OBJC_ISA_USAGE = YES_ERROR;
				CLANG_WARN_DOCUMENTATION_COMMENTS = YES;
				CLANG_WARN_EMPTY_BODY = YES;
				CLANG_WARN_ENUM_CONVERSION = YES;
				CLANG_WARN_INFINITE_RECURSION = YES;
				CLANG_WARN_INT_CONVERSION = YES;
				CLANG_WARN_NON_LITERAL_NULL_CONVERSION = YES;
				CLANG_WARN_OBJC_IMPLICIT_RETAIN_SELF = YES;
				CLANG_WARN_OBJC_LITERAL_CONVERSION = YES;
				CLANG_WARN_OBJC_ROOT_CLASS = YES_ERROR;
				CLANG_WARN_QUOTED_INCLUDE_IN_FRAMEWORK_HEADER = YES;
				CLANG_WARN_RANGE_LOOP_ANALYSIS = YES;
				CLANG_WARN_STRICT_PROTOTYPES = YES;
				CLANG_WARN_SUSPICIOUS_MOVE = YES;
				CLANG_WARN_UNGUARDED_AVAILABILITY = YES_AGGRESSIVE;
				CLANG_WARN_UNREACHABLE_CODE = YES;
				CLANG_WARN__DUPLICATE_METHOD_MATCH = YES;
				COPY_PHASE_STRIP = NO;
				DEBUG_INFORMATION_FORMAT = "dwarf-with-dsym";
				ENABLE_NS_ASSERTIONS = NO;
				ENABLE_STRICT_OBJC_MSGSEND = YES;
				GCC_C_LANGUAGE_STANDARD = gnu11;
				GCC_NO_COMMON_BLOCKS = YES;
				GCC_WARN_64_TO_32_BIT_CONVERSION = YES;
				GCC_WARN_ABOUT_RETURN_TYPE = YES_ERROR;
				GCC_WARN_UNDECLARED_SELECTOR = YES;
				GCC_WARN_UNINITIALIZED_AUTOS = YES_AGGRESSIVE;
				GCC_WARN_UNUSED_FUNCTION = YES;
				GCC_WARN_UNUSED_VARIABLE = YES;
				IPHONEOS_DEPLOYMENT_TARGET = 14.5;
				MTL_ENABLE_DEBUG_INFO = NO;
				MTL_FAST_MATH = YES;
				SDKROOT = iphoneos;
				SWIFT_COMPILATION_MODE = wholemodule;
				SWIFT_OPTIMIZATION_LEVEL = "-O";
				VALIDATE_PRODUCT = YES;
			};
			name = Release;
		};
		DBEDAD3F26A1A3DE00B4326B /* Debug */ = {
			isa = XCBuildConfiguration;
			buildSettings = {
				ASSETCATALOG_COMPILER_APPICON_NAME = AppIcon;
				ASSETCATALOG_COMPILER_GLOBAL_ACCENT_COLOR_NAME = AccentColor;
				CODE_SIGN_STYLE = Automatic;
				DEVELOPMENT_ASSET_PATHS = "\"Landmarks/Preview Content\"";
				DEVELOPMENT_TEAM = TEEPJS995D;
				ENABLE_PREVIEWS = YES;
				INFOPLIST_FILE = Landmarks/Info.plist;
				IPHONEOS_DEPLOYMENT_TARGET = 14.0;
				LD_RUNPATH_SEARCH_PATHS = (
					"$(inherited)",
					"@executable_path/Frameworks",
				);
				PRODUCT_BUNDLE_IDENTIFIER = me.mofe.Landmarks2;
				PRODUCT_NAME = "$(TARGET_NAME)";
				SWIFT_VERSION = 5.0;
				TARGETED_DEVICE_FAMILY = "1,2";
			};
			name = Debug;
		};
		DBEDAD4026A1A3DE00B4326B /* Release */ = {
			isa = XCBuildConfiguration;
			buildSettings = {
				ASSETCATALOG_COMPILER_APPICON_NAME = AppIcon;
				ASSETCATALOG_COMPILER_GLOBAL_ACCENT_COLOR_NAME = AccentColor;
				CODE_SIGN_STYLE = Automatic;
				DEVELOPMENT_ASSET_PATHS = "\"Landmarks/Preview Content\"";
				DEVELOPMENT_TEAM = TEEPJS995D;
				ENABLE_PREVIEWS = YES;
				INFOPLIST_FILE = Landmarks/Info.plist;
				IPHONEOS_DEPLOYMENT_TARGET = 14.0;
				LD_RUNPATH_SEARCH_PATHS = (
					"$(inherited)",
					"@executable_path/Frameworks",
				);
				PRODUCT_BUNDLE_IDENTIFIER = me.mofe.Landmarks2;
				PRODUCT_NAME = "$(TARGET_NAME)";
				SWIFT_VERSION = 5.0;
				TARGETED_DEVICE_FAMILY = "1,2";
			};
			name = Release;
		};
		DBEDAD4226A1A3DE00B4326B /* Debug */ = {
			isa = XCBuildConfiguration;
			buildSettings = {
				ALWAYS_EMBED_SWIFT_STANDARD_LIBRARIES = YES;
				BUNDLE_LOADER = "$(TEST_HOST)";
				CODE_SIGN_STYLE = Automatic;
				DEVELOPMENT_TEAM = TEEPJS995D;
				INFOPLIST_FILE = LandmarksTests/Info.plist;
				IPHONEOS_DEPLOYMENT_TARGET = 14.0;
				LD_RUNPATH_SEARCH_PATHS = (
					"$(inherited)",
					"@executable_path/Frameworks",
					"@loader_path/Frameworks",
				);
				PRODUCT_BUNDLE_IDENTIFIER = me.mofe.LandmarksTests;
				PRODUCT_NAME = "$(TARGET_NAME)";
				SWIFT_VERSION = 5.0;
				TARGETED_DEVICE_FAMILY = "1,2";
				TEST_HOST = "$(BUILT_PRODUCTS_DIR)/Landmarks.app/Landmarks";
			};
			name = Debug;
		};
		DBEDAD4326A1A3DE00B4326B /* Release */ = {
			isa = XCBuildConfiguration;
			buildSettings = {
				ALWAYS_EMBED_SWIFT_STANDARD_LIBRARIES = YES;
				BUNDLE_LOADER = "$(TEST_HOST)";
				CODE_SIGN_STYLE = Automatic;
				DEVELOPMENT_TEAM = TEEPJS995D;
				INFOPLIST_FILE = LandmarksTests/Info.plist;
				IPHONEOS_DEPLOYMENT_TARGET = 14.0;
				LD_RUNPATH_SEARCH_PATHS = (
					"$(inherited)",
					"@executable_path/Frameworks",
					"@loader_path/Frameworks",
				);
				PRODUCT_BUNDLE_IDENTIFIER = me.mofe.LandmarksTests;
				PRODUCT_NAME = "$(TARGET_NAME)";
				SWIFT_VERSION = 5.0;
				TARGETED_DEVICE_FAMILY = "1,2";
				TEST_HOST = "$(BUILT_PRODUCTS_DIR)/Landmarks.app/Landmarks";
			};
			name = Release;
		};
		DBEDAD4526A1A3DE00B4326B /* Debug */ = {
			isa = XCBuildConfiguration;
			buildSettings = {
				ALWAYS_EMBED_SWIFT_STANDARD_LIBRARIES = YES;
				CODE_SIGN_STYLE = Automatic;
				DEVELOPMENT_TEAM = TEEPJS995D;
				INFOPLIST_FILE = LandmarksUITests/Info.plist;
				LD_RUNPATH_SEARCH_PATHS = (
					"$(inherited)",
					"@executable_path/Frameworks",
					"@loader_path/Frameworks",
				);
				PRODUCT_BUNDLE_IDENTIFIER = me.mofe.LandmarksUITests;
				PRODUCT_NAME = "$(TARGET_NAME)";
				SWIFT_VERSION = 5.0;
				TARGETED_DEVICE_FAMILY = "1,2";
				TEST_TARGET_NAME = Landmarks;
			};
			name = Debug;
		};
		DBEDAD4626A1A3DE00B4326B /* Release */ = {
			isa = XCBuildConfiguration;
			buildSettings = {
				ALWAYS_EMBED_SWIFT_STANDARD_LIBRARIES = YES;
				CODE_SIGN_STYLE = Automatic;
				DEVELOPMENT_TEAM = TEEPJS995D;
				INFOPLIST_FILE = LandmarksUITests/Info.plist;
				LD_RUNPATH_SEARCH_PATHS = (
					"$(inherited)",
					"@executable_path/Frameworks",
					"@loader_path/Frameworks",
				);
				PRODUCT_BUNDLE_IDENTIFIER = me.mofe.LandmarksUITests;
				PRODUCT_NAME = "$(TARGET_NAME)";
				SWIFT_VERSION = 5.0;
				TARGETED_DEVICE_FAMILY = "1,2";
				TEST_TARGET_NAME = Landmarks;
			};
			name = Release;
		};
/* End XCBuildConfiguration section */

/* Begin XCConfigurationList section */
		DBEDAD1426A1A3DC00B4326B /* Build configuration list for PBXProject "Landmarks" */ = {
			isa = XCConfigurationList;
			buildConfigurations = (
				DBEDAD3C26A1A3DE00B4326B /* Debug */,
				DBEDAD3D26A1A3DE00B4326B /* Release */,
			);
			defaultConfigurationIsVisible = 0;
			defaultConfigurationName = Release;
		};
		DBEDAD3E26A1A3DE00B4326B /* Build configuration list for PBXNativeTarget "Landmarks" */ = {
			isa = XCConfigurationList;
			buildConfigurations = (
				DBEDAD3F26A1A3DE00B4326B /* Debug */,
				DBEDAD4026A1A3DE00B4326B /* Release */,
			);
			defaultConfigurationIsVisible = 0;
			defaultConfigurationName = Release;
		};
		DBEDAD4126A1A3DE00B4326B /* Build configuration list for PBXNativeTarget "LandmarksTests" */ = {
			isa = XCConfigurationList;
			buildConfigurations = (
				DBEDAD4226A1A3DE00B4326B /* Debug */,
				DBEDAD4326A1A3DE00B4326B /* Release */,
			);
			defaultConfigurationIsVisible = 0;
			defaultConfigurationName = Release;
		};
		DBEDAD4426A1A3DE00B4326B /* Build configuration list for PBXNativeTarget "LandmarksUITests" */ = {
			isa = XCConfigurationList;
			buildConfigurations = (
				DBEDAD4526A1A3DE00B4326B /* Debug */,
				DBEDAD4626A1A3DE00B4326B /* Release */,
			);
			defaultConfigurationIsVisible = 0;
			defaultConfigurationName = Release;
		};
/* End XCConfigurationList section */
	};
	rootObject = DBEDAD1126A1A3DC00B4326B /* Project object */;
}
